
Microsoft Visual Studio Solution File, Format Version 12.00
# Visual Studio 15
VisualStudioVersion = 15.0.27130.2020
MinimumVisualStudioVersion = 10.0.40219.1
Project("{FAE04EC0-301F-11D3-BF4B-00C04F79EFBC}") = "ContactManagementWebapp", "ContactManagementWebapp\ContactManagementWebapp.csproj", "{FFD02818-6318-45FB-99E7-2AF164463F88}"
EndProject
Global
	GlobalSection(SolutionConfigurationPlatforms) = preSolution
		Debug|Any CPU = Debug|Any CPU
		Release|Any CPU = Release|Any CPU
	EndGlobalSection
	GlobalSection(ProjectConfigurationPlatforms) = postSolution
		{FFD02818-6318-45FB-99E7-2AF164463F88}.Debug|Any CPU.ActiveCfg = Debug|Any CPU
		{FFD02818-6318-45FB-99E7-2AF164463F88}.Debug|Any CPU.Build.0 = Debug|Any CPU
		{FFD02818-6318-45FB-99E7-2AF164463F88}.Release|Any CPU.ActiveCfg = Release|Any CPU
		{FFD02818-6318-45FB-99E7-2AF164463F88}.Release|Any CPU.Build.0 = Release|Any CPU
	EndGlobalSection
	GlobalSection(SolutionProperties) = preSolution
		HideSolutionNode = FALSE
	EndGlobalSection
	GlobalSection(ExtensibilityGlobals) = postSolution
		SolutionGuid = {92E910A3-75D5-4FFE-B8A5-F65CA1C57A39}
	EndGlobalSection
EndGlobal
